
Microsoft Visual Studio Solution File, Format Version 12.00
# Visual Studio Version 16
VisualStudioVersion = 16.0.31005.135
MinimumVisualStudioVersion = 10.0.40219.1
Project("{FAE04EC0-301F-11D3-BF4B-00C04F79EFBC}") = "ComputerGraphics", "ComputerGraphics\ComputerGraphics.csproj", "{665E9007-18AC-4354-B31E-62CB61068626}"
EndProject
Project("{FAE04EC0-301F-11D3-BF4B-00C04F79EFBC}") = "Model3D", "Model3D\Model3D.csproj", "{B15A4D73-424B-4A6C-BF77-E1533967DDBA}"
EndProject
Global
	GlobalSection(SolutionConfigurationPlatforms) = preSolution
		Debug|Any CPU = Debug|Any CPU
		Release|Any CPU = Release|Any CPU
	EndGlobalSection
	GlobalSection(ProjectConfigurationPlatforms) = postSolution
		{665E9007-18AC-4354-B31E-62CB61068626}.Debug|Any CPU.ActiveCfg = Debug|Any CPU
		{665E9007-18AC-4354-B31E-62CB61068626}.Debug|Any CPU.Build.0 = Debug|Any CPU
		{665E9007-18AC-4354-B31E-62CB61068626}.Release|Any CPU.ActiveCfg = Release|Any CPU
		{665E9007-18AC-4354-B31E-62CB61068626}.Release|Any CPU.Build.0 = Release|Any CPU
		{B15A4D73-424B-4A6C-BF77-E1533967DDBA}.Debug|Any CPU.ActiveCfg = Debug|Any CPU
		{B15A4D73-424B-4A6C-BF77-E1533967DDBA}.Debug|Any CPU.Build.0 = Debug|Any CPU
		{B15A4D73-424B-4A6C-BF77-E1533967DDBA}.Release|Any CPU.ActiveCfg = Release|Any CPU
		{B15A4D73-424B-4A6C-BF77-E1533967DDBA}.Release|Any CPU.Build.0 = Release|Any CPU
	EndGlobalSection
	GlobalSection(SolutionProperties) = preSolution
		HideSolutionNode = FALSE
	EndGlobalSection
	GlobalSection(ExtensibilityGlobals) = postSolution
		SolutionGuid = {F621EA88-EF49-4112-A04A-792F2BA80506}
	EndGlobalSection
EndGlobal
